// !$*UTF8*$!
{
	archiveVersion = 1;
	classes = {
	};
	objectVersion = 46;
	objects = {

/* Begin PBXBuildFile section */
		D6834E041C8E7EFE008A8DC1 /* AppDelegate.swift in Sources */ = {isa = PBXBuildFile; fileRef = D6834E031C8E7EFE008A8DC1 /* AppDelegate.swift */; };
		D6834E061C8E7EFE008A8DC1 /* ViewController.swift in Sources */ = {isa = PBXBuildFile; fileRef = D6834E051C8E7EFE008A8DC1 /* ViewController.swift */; };
		D6834E091C8E7EFE008A8DC1 /* Main.storyboard in Resources */ = {isa = PBXBuildFile; fileRef = D6834E071C8E7EFE008A8DC1 /* Main.storyboard */; };
		D6834E0B1C8E7EFE008A8DC1 /* Assets.xcassets in Resources */ = {isa = PBXBuildFile; fileRef = D6834E0A1C8E7EFE008A8DC1 /* Assets.xcassets */; };
		D6834E0E1C8E7EFE008A8DC1 /* LaunchScreen.storyboard in Resources */ = {isa = PBXBuildFile; fileRef = D6834E0C1C8E7EFE008A8DC1 /* LaunchScreen.storyboard */; };
		D6834E191C8E7EFE008A8DC1 /* PlaygroundTests.swift in Sources */ = {isa = PBXBuildFile; fileRef = D6834E181C8E7EFE008A8DC1 /* PlaygroundTests.swift */; };
		D6834E241C8E7EFE008A8DC1 /* PlaygroundUITests.swift in Sources */ = {isa = PBXBuildFile; fileRef = D6834E231C8E7EFE008A8DC1 /* PlaygroundUITests.swift */; };
/* End PBXBuildFile section */

/* Begin PBXContainerItemProxy section */
		D6834E151C8E7EFE008A8DC1 /* PBXContainerItemProxy */ = {
			isa = PBXContainerItemProxy;
			containerPortal = D6834DF81C8E7EFE008A8DC1 /* Project object */;
			proxyType = 1;
			remoteGlobalIDString = D6834DFF1C8E7EFE008A8DC1;
			remoteInfo = Playground;
		};
		D6834E201C8E7EFE008A8DC1 /* PBXContainerItemProxy */ = {
			isa = PBXContainerItemProxy;
			containerPortal = D6834DF81C8E7EFE008A8DC1 /* Project object */;
			proxyType = 1;
			remoteGlobalIDString = D6834DFF1C8E7EFE008A8DC1;
			remoteInfo = Playground;
		};
/* End PBXContainerItemProxy section */

/* Begin PBXFileReference section */
		D6834E001C8E7EFE008A8DC1 /* Playground.app */ = {isa = PBXFileReference; explicitFileType = wrapper.application; includeInIndex = 0; path = Playground.app; sourceTree = BUILT_PRODUCTS_DIR; };
		D6834E031C8E7EFE008A8DC1 /* AppDelegate.swift */ = {isa = PBXFileReference; lastKnownFileType = sourcecode.swift; path = AppDelegate.swift; sourceTree = "<group>"; };
		D6834E051C8E7EFE008A8DC1 /* ViewController.swift */ = {isa = PBXFileReference; lastKnownFileType = sourcecode.swift; path = ViewController.swift; sourceTree = "<group>"; };
		D6834E081C8E7EFE008A8DC1 /* Base */ = {isa = PBXFileReference; lastKnownFileType = file.storyboard; name = Base; path = Base.lproj/Main.storyboard; sourceTree = "<group>"; };
		D6834E0A1C8E7EFE008A8DC1 /* Assets.xcassets */ = {isa = PBXFileReference; lastKnownFileType = folder.assetcatalog; path = Assets.xcassets; sourceTree = "<group>"; };
		D6834E0D1C8E7EFE008A8DC1 /* Base */ = {isa = PBXFileReference; lastKnownFileType = file.storyboard; name = Base; path = Base.lproj/LaunchScreen.storyboard; sourceTree = "<group>"; };
		D6834E0F1C8E7EFE008A8DC1 /* Info.plist */ = {isa = PBXFileReference; lastKnownFileType = text.plist.xml; path = Info.plist; sourceTree = "<group>"; };
		D6834E141C8E7EFE008A8DC1 /* PlaygroundTests.xctest */ = {isa = PBXFileReference; explicitFileType = wrapper.cfbundle; includeInIndex = 0; path = PlaygroundTests.xctest; sourceTree = BUILT_PRODUCTS_DIR; };
		D6834E181C8E7EFE008A8DC1 /* PlaygroundTests.swift */ = {isa = PBXFileReference; lastKnownFileType = sourcecode.swift; path = PlaygroundTests.swift; sourceTree = "<group>"; };
		D6834E1A1C8E7EFE008A8DC1 /* Info.plist */ = {isa = PBXFileReference; lastKnownFileType = text.plist.xml; path = Info.plist; sourceTree = "<group>"; };
		D6834E1F1C8E7EFE008A8DC1 /* PlaygroundUITests.xctest */ = {isa = PBXFileReference; explicitFileType = wrapper.cfbundle; includeInIndex = 0; path = PlaygroundUITests.xctest; sourceTree = BUILT_PRODUCTS_DIR; };
		D6834E231C8E7EFE008A8DC1 /* PlaygroundUITests.swift */ = {isa = PBXFileReference; lastKnownFileType = sourcecode.swift; path = PlaygroundUITests.swift; sourceTree = "<group>"; };
		D6834E251C8E7EFE008A8DC1 /* Info.plist */ = {isa = PBXFileReference; lastKnownFileType = text.plist.xml; path = Info.plist; sourceTree = "<group>"; };
/* End PBXFileReference section */

/* Begin PBXFrameworksBuildPhase section */
		D6834DFD1C8E7EFE008A8DC1 /* Frameworks */ = {
			isa = PBXFrameworksBuildPhase;
			buildActionMask = 2147483647;
			files = (
			);
			runOnlyForDeploymentPostprocessing = 0;
		};
		D6834E111C8E7EFE008A8DC1 /* Frameworks */ = {
			isa = PBXFrameworksBuildPhase;
			buildActionMask = 2147483647;
			files = (
			);
			runOnlyForDeploymentPostprocessing = 0;
		};
		D6834E1C1C8E7EFE008A8DC1 /* Frameworks */ = {
			isa = PBXFrameworksBuildPhase;
			buildActionMask = 2147483647;
			files = (
			);
			runOnlyForDeploymentPostprocessing = 0;
		};
/* End PBXFrameworksBuildPhase section */

/* Begin PBXGroup section */
		D6834DF71C8E7EFE008A8DC1 = {
			isa = PBXGroup;
			children = (
				D6834E021C8E7EFE008A8DC1 /* Playground */,
				D6834E171C8E7EFE008A8DC1 /* PlaygroundTests */,
				D6834E221C8E7EFE008A8DC1 /* PlaygroundUITests */,
				D6834E011C8E7EFE008A8DC1 /* Products */,
			);
			sourceTree = "<group>";
		};
		D6834E011C8E7EFE008A8DC1 /* Products */ = {
			isa = PBXGroup;
			children = (
				D6834E001C8E7EFE008A8DC1 /* Playground.app */,
				D6834E141C8E7EFE008A8DC1 /* PlaygroundTests.xctest */,
				D6834E1F1C8E7EFE008A8DC1 /* PlaygroundUITests.xctest */,
			);
			name = Products;
			sourceTree = "<group>";
		};
		D6834E021C8E7EFE008A8DC1 /* Playground */ = {
			isa = PBXGroup;
			children = (
				D6834E031C8E7EFE008A8DC1 /* AppDelegate.swift */,
				D6834E051C8E7EFE008A8DC1 /* ViewController.swift */,
				D6834E071C8E7EFE008A8DC1 /* Main.storyboard */,
				D6834E0A1C8E7EFE008A8DC1 /* Assets.xcassets */,
				D6834E0C1C8E7EFE008A8DC1 /* LaunchScreen.storyboard */,
				D6834E0F1C8E7EFE008A8DC1 /* Info.plist */,
			);
			path = Playground;
			sourceTree = "<group>";
		};
		D6834E171C8E7EFE008A8DC1 /* PlaygroundTests */ = {
			isa = PBXGroup;
			children = (
				D6834E181C8E7EFE008A8DC1 /* PlaygroundTests.swift */,
				D6834E1A1C8E7EFE008A8DC1 /* Info.plist */,
			);
			path = PlaygroundTests;
			sourceTree = "<group>";
		};
		D6834E221C8E7EFE008A8DC1 /* PlaygroundUITests */ = {
			isa = PBXGroup;
			children = (
				D6834E231C8E7EFE008A8DC1 /* PlaygroundUITests.swift */,
				D6834E251C8E7EFE008A8DC1 /* Info.plist */,
			);
			path = PlaygroundUITests;
			sourceTree = "<group>";
		};
/* End PBXGroup section */

/* Begin PBXNativeTarget section */
		D6834DFF1C8E7EFE008A8DC1 /* Playground */ = {
			isa = PBXNativeTarget;
			buildConfigurationList = D6834E281C8E7EFE008A8DC1 /* Build configuration list for PBXNativeTarget "Playground" */;
			buildPhases = (
				D6834DFC1C8E7EFE008A8DC1 /* Sources */,
				D6834DFD1C8E7EFE008A8DC1 /* Frameworks */,
				D6834DFE1C8E7EFE008A8DC1 /* Resources */,
			);
			buildRules = (
			);
			dependencies = (
			);
			name = Playground;
			productName = Playground;
			productReference = D6834E001C8E7EFE008A8DC1 /* Playground.app */;
			productType = "com.apple.product-type.application";
		};
		D6834E131C8E7EFE008A8DC1 /* PlaygroundTests */ = {
			isa = PBXNativeTarget;
			buildConfigurationList = D6834E2B1C8E7EFE008A8DC1 /* Build configuration list for PBXNativeTarget "PlaygroundTests" */;
			buildPhases = (
				D6834E101C8E7EFE008A8DC1 /* Sources */,
				D6834E111C8E7EFE008A8DC1 /* Frameworks */,
				D6834E121C8E7EFE008A8DC1 /* Resources */,
			);
			buildRules = (
			);
			dependencies = (
				D6834E161C8E7EFE008A8DC1 /* PBXTargetDependency */,
			);
			name = PlaygroundTests;
			productName = PlaygroundTests;
			productReference = D6834E141C8E7EFE008A8DC1 /* PlaygroundTests.xctest */;
			productType = "com.apple.product-type.bundle.unit-test";
		};
		D6834E1E1C8E7EFE008A8DC1 /* PlaygroundUITests */ = {
			isa = PBXNativeTarget;
			buildConfigurationList = D6834E2E1C8E7EFE008A8DC1 /* Build configuration list for PBXNativeTarget "PlaygroundUITests" */;
			buildPhases = (
				D6834E1B1C8E7EFE008A8DC1 /* Sources */,
				D6834E1C1C8E7EFE008A8DC1 /* Frameworks */,
				D6834E1D1C8E7EFE008A8DC1 /* Resources */,
			);
			buildRules = (
			);
			dependencies = (
				D6834E211C8E7EFE008A8DC1 /* PBXTargetDependency */,
			);
			name = PlaygroundUITests;
			productName = PlaygroundUITests;
			productReference = D6834E1F1C8E7EFE008A8DC1 /* PlaygroundUITests.xctest */;
			productType = "com.apple.product-type.bundle.ui-testing";
		};
/* End PBXNativeTarget section */

/* Begin PBXProject section */
		D6834DF81C8E7EFE008A8DC1 /* Project object */ = {
			isa = PBXProject;
			attributes = {
				LastSwiftUpdateCheck = 0720;
				LastUpgradeCheck = 0720;
				ORGANIZATIONNAME = "LowBudget Development";
				TargetAttributes = {
					D6834DFF1C8E7EFE008A8DC1 = {
						CreatedOnToolsVersion = 7.2;
					};
					D6834E131C8E7EFE008A8DC1 = {
						CreatedOnToolsVersion = 7.2;
						TestTargetID = D6834DFF1C8E7EFE008A8DC1;
					};
					D6834E1E1C8E7EFE008A8DC1 = {
						CreatedOnToolsVersion = 7.2;
						TestTargetID = D6834DFF1C8E7EFE008A8DC1;
					};
				};
			};
			buildConfigurationList = D6834DFB1C8E7EFE008A8DC1 /* Build configuration list for PBXProject "Playground" */;
			compatibilityVersion = "Xcode 3.2";
			developmentRegion = English;
			hasScannedForEncodings = 0;
			knownRegions = (
				en,
				Base,
			);
			mainGroup = D6834DF71C8E7EFE008A8DC1;
			productRefGroup = D6834E011C8E7EFE008A8DC1 /* Products */;
			projectDirPath = "";
			projectRoot = "";
			targets = (
				D6834DFF1C8E7EFE008A8DC1 /* Playground */,
				D6834E131C8E7EFE008A8DC1 /* PlaygroundTests */,
				D6834E1E1C8E7EFE008A8DC1 /* PlaygroundUITests */,
			);
		};
/* End PBXProject section */

/* Begin PBXResourcesBuildPhase section */
		D6834DFE1C8E7EFE008A8DC1 /* Resources */ = {
			isa = PBXResourcesBuildPhase;
			buildActionMask = 2147483647;
			files = (
				D6834E0E1C8E7EFE008A8DC1 /* LaunchScreen.storyboard in Resources */,
				D6834E0B1C8E7EFE008A8DC1 /* Assets.xcassets in Resources */,
				D6834E091C8E7EFE008A8DC1 /* Main.storyboard in Resources */,
			);
			runOnlyForDeploymentPostprocessing = 0;
		};
		D6834E121C8E7EFE008A8DC1 /* Resources */ = {
			isa = PBXResourcesBuildPhase;
			buildActionMask = 2147483647;
			files = (
			);
			runOnlyForDeploymentPostprocessing = 0;
		};
		D6834E1D1C8E7EFE008A8DC1 /* Resources */ = {
			isa = PBXResourcesBuildPhase;
			buildActionMask = 2147483647;
			files = (
			);
			runOnlyForDeploymentPostprocessing = 0;
		};
/* End PBXResourcesBuildPhase section */

/* Begin PBXSourcesBuildPhase section */
		D6834DFC1C8E7EFE008A8DC1 /* Sources */ = {
			isa = PBXSourcesBuildPhase;
			buildActionMask = 2147483647;
			files = (
				D6834E061C8E7EFE008A8DC1 /* ViewController.swift in Sources */,
				D6834E041C8E7EFE008A8DC1 /* AppDelegate.swift in Sources */,
			);
			runOnlyForDeploymentPostprocessing = 0;
		};
		D6834E101C8E7EFE008A8DC1 /* Sources */ = {
			isa = PBXSourcesBuildPhase;
			buildActionMask = 2147483647;
			files = (
				D6834E191C8E7EFE008A8DC1 /* PlaygroundTests.swift in Sources */,
			);
			runOnlyForDeploymentPostprocessing = 0;
		};
		D6834E1B1C8E7EFE008A8DC1 /* Sources */ = {
			isa = PBXSourcesBuildPhase;
			buildActionMask = 2147483647;
			files = (
				D6834E241C8E7EFE008A8DC1 /* PlaygroundUITests.swift in Sources */,
			);
			runOnlyForDeploymentPostprocessing = 0;
		};
/* End PBXSourcesBuildPhase section */

/* Begin PBXTargetDependency section */
		D6834E161C8E7EFE008A8DC1 /* PBXTargetDependency */ = {
			isa = PBXTargetDependency;
			target = D6834DFF1C8E7EFE008A8DC1 /* Playground */;
			targetProxy = D6834E151C8E7EFE008A8DC1 /* PBXContainerItemProxy */;
		};
		D6834E211C8E7EFE008A8DC1 /* PBXTargetDependency */ = {
			isa = PBXTargetDependency;
			target = D6834DFF1C8E7EFE008A8DC1 /* Playground */;
			targetProxy = D6834E201C8E7EFE008A8DC1 /* PBXContainerItemProxy */;
		};
/* End PBXTargetDependency section */

/* Begin PBXVariantGroup section */
		D6834E071C8E7EFE008A8DC1 /* Main.storyboard */ = {
			isa = PBXVariantGroup;
			children = (
				D6834E081C8E7EFE008A8DC1 /* Base */,
			);
			name = Main.storyboard;
			sourceTree = "<group>";
		};
		D6834E0C1C8E7EFE008A8DC1 /* LaunchScreen.storyboard */ = {
			isa = PBXVariantGroup;
			children = (
				D6834E0D1C8E7EFE008A8DC1 /* Base */,
			);
			name = LaunchScreen.storyboard;
			sourceTree = "<group>";
		};
/* End PBXVariantGroup section */

/* Begin XCBuildConfiguration section */
		D6834E261C8E7EFE008A8DC1 /* Debug */ = {
			isa = XCBuildConfiguration;
			buildSettings = {
				ALWAYS_SEARCH_USER_PATHS = NO;
				CLANG_CXX_LANGUAGE_STANDARD = "gnu++0x";
				CLANG_CXX_LIBRARY = "libc++";
				CLANG_ENABLE_MODULES = YES;
				CLANG_ENABLE_OBJC_ARC = YES;
				CLANG_WARN_BOOL_CONVERSION = YES;
				CLANG_WARN_CONSTANT_CONVERSION = YES;
				CLANG_WARN_DIRECT_OBJC_ISA_USAGE = YES_ERROR;
				CLANG_WARN_EMPTY_BODY = YES;
				CLANG_WARN_ENUM_CONVERSION = YES;
				CLANG_WARN_INT_CONVERSION = YES;
				CLANG_WARN_OBJC_ROOT_CLASS = YES_ERROR;
				CLANG_WARN_UNREACHABLE_CODE = YES;
				CLANG_WARN__DUPLICATE_METHOD_MATCH = YES;
				"CODE_SIGN_IDENTITY[sdk=iphoneos*]" = "iPhone Developer";
				COPY_PHASE_STRIP = NO;
				DEBUG_INFORMATION_FORMAT = dwarf;
				ENABLE_STRICT_OBJC_MSGSEND = YES;
				ENABLE_TESTABILITY = YES;
				GCC_C_LANGUAGE_STANDARD = gnu99;
				GCC_DYNAMIC_NO_PIC = NO;
				GCC_NO_COMMON_BLOCKS = YES;
				GCC_OPTIMIZATION_LEVEL = 0;
				GCC_PREPROCESSOR_DEFINITIONS = (
					"DEBUG=1",
					"$(inherited)",
				);
				GCC_WARN_64_TO_32_BIT_CONVERSION = YES;
				GCC_WARN_ABOUT_RETURN_TYPE = YES_ERROR;
				GCC_WARN_UNDECLARED_SELECTOR = YES;
				GCC_WARN_UNINITIALIZED_AUTOS = YES_AGGRESSIVE;
				GCC_WARN_UNUSED_FUNCTION = YES;
				GCC_WARN_UNUSED_VARIABLE = YES;
				IPHONEOS_DEPLOYMENT_TARGET = 9.2;
				MTL_ENABLE_DEBUG_INFO = YES;
				ONLY_ACTIVE_ARCH = YES;
				SDKROOT = iphoneos;
				SWIFT_OPTIMIZATION_LEVEL = "-Onone";
			};
			name = Debug;
		};
		D6834E271C8E7EFE008A8DC1 /* Release */ = {
			isa = XCBuildConfiguration;
			buildSettings = {
				ALWAYS_SEARCH_USER_PATHS = NO;
				CLANG_CXX_LANGUAGE_STANDARD = "gnu++0x";
				CLANG_CXX_LIBRARY = "libc++";
				CLANG_ENABLE_MODULES = YES;
				CLANG_ENABLE_OBJC_ARC = YES;
				CLANG_WARN_BOOL_CONVERSION = YES;
				CLANG_WARN_CONSTANT_CONVERSION = YES;
				CLANG_WARN_DIRECT_OBJC_ISA_USAGE = YES_ERROR;
				CLANG_WARN_EMPTY_BODY = YES;
				CLANG_WARN_ENUM_CONVERSION = YES;
				CLANG_WARN_INT_CONVERSION = YES;
				CLANG_WARN_OBJC_ROOT_CLASS = YES_ERROR;
				CLANG_WARN_UNREACHABLE_CODE = YES;
				CLANG_WARN__DUPLICATE_METHOD_MATCH = YES;
				"CODE_SIGN_IDENTITY[sdk=iphoneos*]" = "iPhone Developer";
				COPY_PHASE_STRIP = NO;
				DEBUG_INFORMATION_FORMAT = "dwarf-with-dsym";
				ENABLE_NS_ASSERTIONS = NO;
				ENABLE_STRICT_OBJC_MSGSEND = YES;
				GCC_C_LANGUAGE_STANDARD = gnu99;
				GCC_NO_COMMON_BLOCKS = YES;
				GCC_WARN_64_TO_32_BIT_CONVERSION = YES;
				GCC_WARN_ABOUT_RETURN_TYPE = YES_ERROR;
				GCC_WARN_UNDECLARED_SELECTOR = YES;
				GCC_WARN_UNINITIALIZED_AUTOS = YES_AGGRESSIVE;
				GCC_WARN_UNUSED_FUNCTION = YES;
				GCC_WARN_UNUSED_VARIABLE = YES;
				IPHONEOS_DEPLOYMENT_TARGET = 9.2;
				MTL_ENABLE_DEBUG_INFO = NO;
				SDKROOT = iphoneos;
				VALIDATE_PRODUCT = YES;
			};
			name = Release;
		};
		D6834E291C8E7EFE008A8DC1 /* Debug */ = {
			isa = XCBuildConfiguration;
			buildSettings = {
				ASSETCATALOG_COMPILER_APPICON_NAME = AppIcon;
				INFOPLIST_FILE = Playground/Info.plist;
				LD_RUNPATH_SEARCH_PATHS = "$(inherited) @executable_path/Frameworks";
				PRODUCT_BUNDLE_IDENTIFIER = com.lbd.Playground;
				PRODUCT_NAME = "$(TARGET_NAME)";
			};
			name = Debug;
		};
		D6834E2A1C8E7EFE008A8DC1 /* Release */ = {
			isa = XCBuildConfiguration;
			buildSettings = {
				ASSETCATALOG_COMPILER_APPICON_NAME = AppIcon;
				INFOPLIST_FILE = Playground/Info.plist;
				LD_RUNPATH_SEARCH_PATHS = "$(inherited) @executable_path/Frameworks";
				PRODUCT_BUNDLE_IDENTIFIER = com.lbd.Playground;
				PRODUCT_NAME = "$(TARGET_NAME)";
			};
			name = Release;
		};
		D6834E2C1C8E7EFE008A8DC1 /* Debug */ = {
			isa = XCBuildConfiguration;
			buildSettings = {
				BUNDLE_LOADER = "$(TEST_HOST)";
				INFOPLIST_FILE = PlaygroundTests/Info.plist;
				LD_RUNPATH_SEARCH_PATHS = "$(inherited) @executable_path/Frameworks @loader_path/Frameworks";
				PRODUCT_BUNDLE_IDENTIFIER = com.lbd.PlaygroundTests;
				PRODUCT_NAME = "$(TARGET_NAME)";
				TEST_HOST = "$(BUILT_PRODUCTS_DIR)/Playground.app/Playground";
			};
			name = Debug;
		};
		D6834E2D1C8E7EFE008A8DC1 /* Release */ = {
			isa = XCBuildConfiguration;
			buildSettings = {
				BUNDLE_LOADER = "$(TEST_HOST)";
				INFOPLIST_FILE = PlaygroundTests/Info.plist;
				LD_RUNPATH_SEARCH_PATHS = "$(inherited) @executable_path/Frameworks @loader_path/Frameworks";
				PRODUCT_BUNDLE_IDENTIFIER = com.lbd.PlaygroundTests;
				PRODUCT_NAME = "$(TARGET_NAME)";
				TEST_HOST = "$(BUILT_PRODUCTS_DIR)/Playground.app/Playground";
			};
			name = Release;
		};
		D6834E2F1C8E7EFE008A8DC1 /* Debug */ = {
			isa = XCBuildConfiguration;
			buildSettings = {
				INFOPLIST_FILE = PlaygroundUITests/Info.plist;
				LD_RUNPATH_SEARCH_PATHS = "$(inherited) @executable_path/Frameworks @loader_path/Frameworks";
				PRODUCT_BUNDLE_IDENTIFIER = com.lbd.PlaygroundUITests;
				PRODUCT_NAME = "$(TARGET_NAME)";
				TEST_TARGET_NAME = Playground;
				USES_XCTRUNNER = YES;
			};
			name = Debug;
		};
		D6834E301C8E7EFE008A8DC1 /* Release */ = {
			isa = XCBuildConfiguration;
			buildSettings = {
				INFOPLIST_FILE = PlaygroundUITests/Info.plist;
				LD_RUNPATH_SEARCH_PATHS = "$(inherited) @executable_path/Frameworks @loader_path/Frameworks";
				PRODUCT_BUNDLE_IDENTIFIER = com.lbd.PlaygroundUITests;
				PRODUCT_NAME = "$(TARGET_NAME)";
				TEST_TARGET_NAME = Playground;
				USES_XCTRUNNER = YES;
			};
			name = Release;
		};
/* End XCBuildConfiguration section */

/* Begin XCConfigurationList section */
		D6834DFB1C8E7EFE008A8DC1 /* Build configuration list for PBXProject "Playground" */ = {
			isa = XCConfigurationList;
			buildConfigurations = (
				D6834E261C8E7EFE008A8DC1 /* Debug */,
				D6834E271C8E7EFE008A8DC1 /* Release */,
			);
			defaultConfigurationIsVisible = 0;
			defaultConfigurationName = Release;
		};
		D6834E281C8E7EFE008A8DC1 /* Build configuration list for PBXNativeTarget "Playground" */ = {
			isa = XCConfigurationList;
			buildConfigurations = (
				D6834E291C8E7EFE008A8DC1 /* Debug */,
				D6834E2A1C8E7EFE008A8DC1 /* Release */,
			);
			defaultConfigurationIsVisible = 0;
		};
		D6834E2B1C8E7EFE008A8DC1 /* Build configuration list for PBXNativeTarget "PlaygroundTests" */ = {
			isa = XCConfigurationList;
			buildConfigurations = (
				D6834E2C1C8E7EFE008A8DC1 /* Debug */,
				D6834E2D1C8E7EFE008A8DC1 /* Release */,
			);
			defaultConfigurationIsVisible = 0;
		};
		D6834E2E1C8E7EFE008A8DC1 /* Build configuration list for PBXNativeTarget "PlaygroundUITests" */ = {
			isa = XCConfigurationList;
			buildConfigurations = (
				D6834E2F1C8E7EFE008A8DC1 /* Debug */,
				D6834E301C8E7EFE008A8DC1 /* Release */,
			);
			defaultConfigurationIsVisible = 0;
		};
/* End XCConfigurationList section */
	};
	rootObject = D6834DF81C8E7EFE008A8DC1 /* Project object */;
}
