// !$*UTF8*$!
{
	archiveVersion = 1;
	classes = {
	};
	objectVersion = 46;
	objects = {

/* Begin PBXBuildFile section */
		D6834D8E1C8E0902008A8DC1 /* AppDelegate.swift in Sources */ = {isa = PBXBuildFile; fileRef = D6834D8D1C8E0902008A8DC1 /* AppDelegate.swift */; };
		D6834D901C8E0902008A8DC1 /* ViewController.swift in Sources */ = {isa = PBXBuildFile; fileRef = D6834D8F1C8E0902008A8DC1 /* ViewController.swift */; };
		D6834D931C8E0902008A8DC1 /* Main.storyboard in Resources */ = {isa = PBXBuildFile; fileRef = D6834D911C8E0902008A8DC1 /* Main.storyboard */; };
		D6834D951C8E0902008A8DC1 /* Assets.xcassets in Resources */ = {isa = PBXBuildFile; fileRef = D6834D941C8E0902008A8DC1 /* Assets.xcassets */; };
		D6834D981C8E0902008A8DC1 /* LaunchScreen.storyboard in Resources */ = {isa = PBXBuildFile; fileRef = D6834D961C8E0902008A8DC1 /* LaunchScreen.storyboard */; };
		D6834DA31C8E0903008A8DC1 /* Example_AppTests.swift in Sources */ = {isa = PBXBuildFile; fileRef = D6834DA21C8E0903008A8DC1 /* Example_AppTests.swift */; };
		D6834DAE1C8E0903008A8DC1 /* Example_AppUITests.swift in Sources */ = {isa = PBXBuildFile; fileRef = D6834DAD1C8E0903008A8DC1 /* Example_AppUITests.swift */; };
/* End PBXBuildFile section */

/* Begin PBXContainerItemProxy section */
		D6834D9F1C8E0903008A8DC1 /* PBXContainerItemProxy */ = {
			isa = PBXContainerItemProxy;
			containerPortal = D6834D821C8E0902008A8DC1 /* Project object */;
			proxyType = 1;
			remoteGlobalIDString = D6834D891C8E0902008A8DC1;
			remoteInfo = "Example App";
		};
		D6834DAA1C8E0903008A8DC1 /* PBXContainerItemProxy */ = {
			isa = PBXContainerItemProxy;
			containerPortal = D6834D821C8E0902008A8DC1 /* Project object */;
			proxyType = 1;
			remoteGlobalIDString = D6834D891C8E0902008A8DC1;
			remoteInfo = "Example App";
		};
/* End PBXContainerItemProxy section */

/* Begin PBXFileReference section */
		D6834D8A1C8E0902008A8DC1 /* Example App.app */ = {isa = PBXFileReference; explicitFileType = wrapper.application; includeInIndex = 0; path = "Example App.app"; sourceTree = BUILT_PRODUCTS_DIR; };
		D6834D8D1C8E0902008A8DC1 /* AppDelegate.swift */ = {isa = PBXFileReference; lastKnownFileType = sourcecode.swift; path = AppDelegate.swift; sourceTree = "<group>"; };
		D6834D8F1C8E0902008A8DC1 /* ViewController.swift */ = {isa = PBXFileReference; lastKnownFileType = sourcecode.swift; path = ViewController.swift; sourceTree = "<group>"; };
		D6834D921C8E0902008A8DC1 /* Base */ = {isa = PBXFileReference; lastKnownFileType = file.storyboard; name = Base; path = Base.lproj/Main.storyboard; sourceTree = "<group>"; };
		D6834D941C8E0902008A8DC1 /* Assets.xcassets */ = {isa = PBXFileReference; lastKnownFileType = folder.assetcatalog; path = Assets.xcassets; sourceTree = "<group>"; };
		D6834D971C8E0902008A8DC1 /* Base */ = {isa = PBXFileReference; lastKnownFileType = file.storyboard; name = Base; path = Base.lproj/LaunchScreen.storyboard; sourceTree = "<group>"; };
		D6834D991C8E0903008A8DC1 /* Info.plist */ = {isa = PBXFileReference; lastKnownFileType = text.plist.xml; path = Info.plist; sourceTree = "<group>"; };
		D6834D9E1C8E0903008A8DC1 /* Example AppTests.xctest */ = {isa = PBXFileReference; explicitFileType = wrapper.cfbundle; includeInIndex = 0; path = "Example AppTests.xctest"; sourceTree = BUILT_PRODUCTS_DIR; };
		D6834DA21C8E0903008A8DC1 /* Example_AppTests.swift */ = {isa = PBXFileReference; lastKnownFileType = sourcecode.swift; path = Example_AppTests.swift; sourceTree = "<group>"; };
		D6834DA41C8E0903008A8DC1 /* Info.plist */ = {isa = PBXFileReference; lastKnownFileType = text.plist.xml; path = Info.plist; sourceTree = "<group>"; };
		D6834DA91C8E0903008A8DC1 /* Example AppUITests.xctest */ = {isa = PBXFileReference; explicitFileType = wrapper.cfbundle; includeInIndex = 0; path = "Example AppUITests.xctest"; sourceTree = BUILT_PRODUCTS_DIR; };
		D6834DAD1C8E0903008A8DC1 /* Example_AppUITests.swift */ = {isa = PBXFileReference; lastKnownFileType = sourcecode.swift; path = Example_AppUITests.swift; sourceTree = "<group>"; };
		D6834DAF1C8E0903008A8DC1 /* Info.plist */ = {isa = PBXFileReference; lastKnownFileType = text.plist.xml; path = Info.plist; sourceTree = "<group>"; };
/* End PBXFileReference section */

/* Begin PBXFrameworksBuildPhase section */
		D6834D871C8E0902008A8DC1 /* Frameworks */ = {
			isa = PBXFrameworksBuildPhase;
			buildActionMask = 2147483647;
			files = (
			);
			runOnlyForDeploymentPostprocessing = 0;
		};
		D6834D9B1C8E0903008A8DC1 /* Frameworks */ = {
			isa = PBXFrameworksBuildPhase;
			buildActionMask = 2147483647;
			files = (
			);
			runOnlyForDeploymentPostprocessing = 0;
		};
		D6834DA61C8E0903008A8DC1 /* Frameworks */ = {
			isa = PBXFrameworksBuildPhase;
			buildActionMask = 2147483647;
			files = (
			);
			runOnlyForDeploymentPostprocessing = 0;
		};
/* End PBXFrameworksBuildPhase section */

/* Begin PBXGroup section */
		D6834D811C8E0902008A8DC1 = {
			isa = PBXGroup;
			children = (
				D6834D8C1C8E0902008A8DC1 /* Example App */,
				D6834DA11C8E0903008A8DC1 /* Example AppTests */,
				D6834DAC1C8E0903008A8DC1 /* Example AppUITests */,
				D6834D8B1C8E0902008A8DC1 /* Products */,
			);
			sourceTree = "<group>";
		};
		D6834D8B1C8E0902008A8DC1 /* Products */ = {
			isa = PBXGroup;
			children = (
				D6834D8A1C8E0902008A8DC1 /* Example App.app */,
				D6834D9E1C8E0903008A8DC1 /* Example AppTests.xctest */,
				D6834DA91C8E0903008A8DC1 /* Example AppUITests.xctest */,
			);
			name = Products;
			sourceTree = "<group>";
		};
		D6834D8C1C8E0902008A8DC1 /* Example App */ = {
			isa = PBXGroup;
			children = (
				D6834D8D1C8E0902008A8DC1 /* AppDelegate.swift */,
				D6834D8F1C8E0902008A8DC1 /* ViewController.swift */,
				D6834D911C8E0902008A8DC1 /* Main.storyboard */,
				D6834D941C8E0902008A8DC1 /* Assets.xcassets */,
				D6834D961C8E0902008A8DC1 /* LaunchScreen.storyboard */,
				D6834D991C8E0903008A8DC1 /* Info.plist */,
			);
			path = "Example App";
			sourceTree = "<group>";
		};
		D6834DA11C8E0903008A8DC1 /* Example AppTests */ = {
			isa = PBXGroup;
			children = (
				D6834DA21C8E0903008A8DC1 /* Example_AppTests.swift */,
				D6834DA41C8E0903008A8DC1 /* Info.plist */,
			);
			path = "Example AppTests";
			sourceTree = "<group>";
		};
		D6834DAC1C8E0903008A8DC1 /* Example AppUITests */ = {
			isa = PBXGroup;
			children = (
				D6834DAD1C8E0903008A8DC1 /* Example_AppUITests.swift */,
				D6834DAF1C8E0903008A8DC1 /* Info.plist */,
			);
			path = "Example AppUITests";
			sourceTree = "<group>";
		};
/* End PBXGroup section */

/* Begin PBXNativeTarget section */
		D6834D891C8E0902008A8DC1 /* Example App */ = {
			isa = PBXNativeTarget;
			buildConfigurationList = D6834DB21C8E0903008A8DC1 /* Build configuration list for PBXNativeTarget "Example App" */;
			buildPhases = (
				D6834D861C8E0902008A8DC1 /* Sources */,
				D6834D871C8E0902008A8DC1 /* Frameworks */,
				D6834D881C8E0902008A8DC1 /* Resources */,
			);
			buildRules = (
			);
			dependencies = (
			);
			name = "Example App";
			productName = "Example App";
			productReference = D6834D8A1C8E0902008A8DC1 /* Example App.app */;
			productType = "com.apple.product-type.application";
		};
		D6834D9D1C8E0903008A8DC1 /* Example AppTests */ = {
			isa = PBXNativeTarget;
			buildConfigurationList = D6834DB51C8E0903008A8DC1 /* Build configuration list for PBXNativeTarget "Example AppTests" */;
			buildPhases = (
				D6834D9A1C8E0903008A8DC1 /* Sources */,
				D6834D9B1C8E0903008A8DC1 /* Frameworks */,
				D6834D9C1C8E0903008A8DC1 /* Resources */,
			);
			buildRules = (
			);
			dependencies = (
				D6834DA01C8E0903008A8DC1 /* PBXTargetDependency */,
			);
			name = "Example AppTests";
			productName = "Example AppTests";
			productReference = D6834D9E1C8E0903008A8DC1 /* Example AppTests.xctest */;
			productType = "com.apple.product-type.bundle.unit-test";
		};
		D6834DA81C8E0903008A8DC1 /* Example AppUITests */ = {
			isa = PBXNativeTarget;
			buildConfigurationList = D6834DB81C8E0903008A8DC1 /* Build configuration list for PBXNativeTarget "Example AppUITests" */;
			buildPhases = (
				D6834DA51C8E0903008A8DC1 /* Sources */,
				D6834DA61C8E0903008A8DC1 /* Frameworks */,
				D6834DA71C8E0903008A8DC1 /* Resources */,
			);
			buildRules = (
			);
			dependencies = (
				D6834DAB1C8E0903008A8DC1 /* PBXTargetDependency */,
			);
			name = "Example AppUITests";
			productName = "Example AppUITests";
			productReference = D6834DA91C8E0903008A8DC1 /* Example AppUITests.xctest */;
			productType = "com.apple.product-type.bundle.ui-testing";
		};
/* End PBXNativeTarget section */

/* Begin PBXProject section */
		D6834D821C8E0902008A8DC1 /* Project object */ = {
			isa = PBXProject;
			attributes = {
				LastSwiftUpdateCheck = 0720;
				LastUpgradeCheck = 0720;
				ORGANIZATIONNAME = "LowBudget Development";
				TargetAttributes = {
					D6834D891C8E0902008A8DC1 = {
						CreatedOnToolsVersion = 7.2;
					};
					D6834D9D1C8E0903008A8DC1 = {
						CreatedOnToolsVersion = 7.2;
						TestTargetID = D6834D891C8E0902008A8DC1;
					};
					D6834DA81C8E0903008A8DC1 = {
						CreatedOnToolsVersion = 7.2;
						TestTargetID = D6834D891C8E0902008A8DC1;
					};
				};
			};
			buildConfigurationList = D6834D851C8E0902008A8DC1 /* Build configuration list for PBXProject "Example App" */;
			compatibilityVersion = "Xcode 3.2";
			developmentRegion = English;
			hasScannedForEncodings = 0;
			knownRegions = (
				en,
				Base,
			);
			mainGroup = D6834D811C8E0902008A8DC1;
			productRefGroup = D6834D8B1C8E0902008A8DC1 /* Products */;
			projectDirPath = "";
			projectRoot = "";
			targets = (
				D6834D891C8E0902008A8DC1 /* Example App */,
				D6834D9D1C8E0903008A8DC1 /* Example AppTests */,
				D6834DA81C8E0903008A8DC1 /* Example AppUITests */,
			);
		};
/* End PBXProject section */

/* Begin PBXResourcesBuildPhase section */
		D6834D881C8E0902008A8DC1 /* Resources */ = {
			isa = PBXResourcesBuildPhase;
			buildActionMask = 2147483647;
			files = (
				D6834D981C8E0902008A8DC1 /* LaunchScreen.storyboard in Resources */,
				D6834D951C8E0902008A8DC1 /* Assets.xcassets in Resources */,
				D6834D931C8E0902008A8DC1 /* Main.storyboard in Resources */,
			);
			runOnlyForDeploymentPostprocessing = 0;
		};
		D6834D9C1C8E0903008A8DC1 /* Resources */ = {
			isa = PBXResourcesBuildPhase;
			buildActionMask = 2147483647;
			files = (
			);
			runOnlyForDeploymentPostprocessing = 0;
		};
		D6834DA71C8E0903008A8DC1 /* Resources */ = {
			isa = PBXResourcesBuildPhase;
			buildActionMask = 2147483647;
			files = (
			);
			runOnlyForDeploymentPostprocessing = 0;
		};
/* End PBXResourcesBuildPhase section */

/* Begin PBXSourcesBuildPhase section */
		D6834D861C8E0902008A8DC1 /* Sources */ = {
			isa = PBXSourcesBuildPhase;
			buildActionMask = 2147483647;
			files = (
				D6834D901C8E0902008A8DC1 /* ViewController.swift in Sources */,
				D6834D8E1C8E0902008A8DC1 /* AppDelegate.swift in Sources */,
			);
			runOnlyForDeploymentPostprocessing = 0;
		};
		D6834D9A1C8E0903008A8DC1 /* Sources */ = {
			isa = PBXSourcesBuildPhase;
			buildActionMask = 2147483647;
			files = (
				D6834DA31C8E0903008A8DC1 /* Example_AppTests.swift in Sources */,
			);
			runOnlyForDeploymentPostprocessing = 0;
		};
		D6834DA51C8E0903008A8DC1 /* Sources */ = {
			isa = PBXSourcesBuildPhase;
			buildActionMask = 2147483647;
			files = (
				D6834DAE1C8E0903008A8DC1 /* Example_AppUITests.swift in Sources */,
			);
			runOnlyForDeploymentPostprocessing = 0;
		};
/* End PBXSourcesBuildPhase section */

/* Begin PBXTargetDependency section */
		D6834DA01C8E0903008A8DC1 /* PBXTargetDependency */ = {
			isa = PBXTargetDependency;
			target = D6834D891C8E0902008A8DC1 /* Example App */;
			targetProxy = D6834D9F1C8E0903008A8DC1 /* PBXContainerItemProxy */;
		};
		D6834DAB1C8E0903008A8DC1 /* PBXTargetDependency */ = {
			isa = PBXTargetDependency;
			target = D6834D891C8E0902008A8DC1 /* Example App */;
			targetProxy = D6834DAA1C8E0903008A8DC1 /* PBXContainerItemProxy */;
		};
/* End PBXTargetDependency section */

/* Begin PBXVariantGroup section */
		D6834D911C8E0902008A8DC1 /* Main.storyboard */ = {
			isa = PBXVariantGroup;
			children = (
				D6834D921C8E0902008A8DC1 /* Base */,
			);
			name = Main.storyboard;
			sourceTree = "<group>";
		};
		D6834D961C8E0902008A8DC1 /* LaunchScreen.storyboard */ = {
			isa = PBXVariantGroup;
			children = (
				D6834D971C8E0902008A8DC1 /* Base */,
			);
			name = LaunchScreen.storyboard;
			sourceTree = "<group>";
		};
/* End PBXVariantGroup section */

/* Begin XCBuildConfiguration section */
		D6834DB01C8E0903008A8DC1 /* Debug */ = {
			isa = XCBuildConfiguration;
			buildSettings = {
				ALWAYS_SEARCH_USER_PATHS = NO;
				CLANG_CXX_LANGUAGE_STANDARD = "gnu++0x";
				CLANG_CXX_LIBRARY = "libc++";
				CLANG_ENABLE_MODULES = YES;
				CLANG_ENABLE_OBJC_ARC = YES;
				CLANG_WARN_BOOL_CONVERSION = YES;
				CLANG_WARN_CONSTANT_CONVERSION = YES;
				CLANG_WARN_DIRECT_OBJC_ISA_USAGE = YES_ERROR;
				CLANG_WARN_EMPTY_BODY = YES;
				CLANG_WARN_ENUM_CONVERSION = YES;
				CLANG_WARN_INT_CONVERSION = YES;
				CLANG_WARN_OBJC_ROOT_CLASS = YES_ERROR;
				CLANG_WARN_UNREACHABLE_CODE = YES;
				CLANG_WARN__DUPLICATE_METHOD_MATCH = YES;
				"CODE_SIGN_IDENTITY[sdk=iphoneos*]" = "iPhone Developer";
				COPY_PHASE_STRIP = NO;
				DEBUG_INFORMATION_FORMAT = dwarf;
				ENABLE_STRICT_OBJC_MSGSEND = YES;
				ENABLE_TESTABILITY = YES;
				GCC_C_LANGUAGE_STANDARD = gnu99;
				GCC_DYNAMIC_NO_PIC = NO;
				GCC_NO_COMMON_BLOCKS = YES;
				GCC_OPTIMIZATION_LEVEL = 0;
				GCC_PREPROCESSOR_DEFINITIONS = (
					"DEBUG=1",
					"$(inherited)",
				);
				GCC_WARN_64_TO_32_BIT_CONVERSION = YES;
				GCC_WARN_ABOUT_RETURN_TYPE = YES_ERROR;
				GCC_WARN_UNDECLARED_SELECTOR = YES;
				GCC_WARN_UNINITIALIZED_AUTOS = YES_AGGRESSIVE;
				GCC_WARN_UNUSED_FUNCTION = YES;
				GCC_WARN_UNUSED_VARIABLE = YES;
				IPHONEOS_DEPLOYMENT_TARGET = 9.2;
				MTL_ENABLE_DEBUG_INFO = YES;
				ONLY_ACTIVE_ARCH = YES;
				SDKROOT = iphoneos;
				SWIFT_OPTIMIZATION_LEVEL = "-Onone";
			};
			name = Debug;
		};
		D6834DB11C8E0903008A8DC1 /* Release */ = {
			isa = XCBuildConfiguration;
			buildSettings = {
				ALWAYS_SEARCH_USER_PATHS = NO;
				CLANG_CXX_LANGUAGE_STANDARD = "gnu++0x";
				CLANG_CXX_LIBRARY = "libc++";
				CLANG_ENABLE_MODULES = YES;
				CLANG_ENABLE_OBJC_ARC = YES;
				CLANG_WARN_BOOL_CONVERSION = YES;
				CLANG_WARN_CONSTANT_CONVERSION = YES;
				CLANG_WARN_DIRECT_OBJC_ISA_USAGE = YES_ERROR;
				CLANG_WARN_EMPTY_BODY = YES;
				CLANG_WARN_ENUM_CONVERSION = YES;
				CLANG_WARN_INT_CONVERSION = YES;
				CLANG_WARN_OBJC_ROOT_CLASS = YES_ERROR;
				CLANG_WARN_UNREACHABLE_CODE = YES;
				CLANG_WARN__DUPLICATE_METHOD_MATCH = YES;
				"CODE_SIGN_IDENTITY[sdk=iphoneos*]" = "iPhone Developer";
				COPY_PHASE_STRIP = NO;
				DEBUG_INFORMATION_FORMAT = "dwarf-with-dsym";
				ENABLE_NS_ASSERTIONS = NO;
				ENABLE_STRICT_OBJC_MSGSEND = YES;
				GCC_C_LANGUAGE_STANDARD = gnu99;
				GCC_NO_COMMON_BLOCKS = YES;
				GCC_WARN_64_TO_32_BIT_CONVERSION = YES;
				GCC_WARN_ABOUT_RETURN_TYPE = YES_ERROR;
				GCC_WARN_UNDECLARED_SELECTOR = YES;
				GCC_WARN_UNINITIALIZED_AUTOS = YES_AGGRESSIVE;
				GCC_WARN_UNUSED_FUNCTION = YES;
				GCC_WARN_UNUSED_VARIABLE = YES;
				IPHONEOS_DEPLOYMENT_TARGET = 9.2;
				MTL_ENABLE_DEBUG_INFO = NO;
				SDKROOT = iphoneos;
				VALIDATE_PRODUCT = YES;
			};
			name = Release;
		};
		D6834DB31C8E0903008A8DC1 /* Debug */ = {
			isa = XCBuildConfiguration;
			buildSettings = {
				ASSETCATALOG_COMPILER_APPICON_NAME = AppIcon;
				INFOPLIST_FILE = "Example App/Info.plist";
				LD_RUNPATH_SEARCH_PATHS = "$(inherited) @executable_path/Frameworks";
				PRODUCT_BUNDLE_IDENTIFIER = "com.lbd.Example-App";
				PRODUCT_NAME = "$(TARGET_NAME)";
			};
			name = Debug;
		};
		D6834DB41C8E0903008A8DC1 /* Release */ = {
			isa = XCBuildConfiguration;
			buildSettings = {
				ASSETCATALOG_COMPILER_APPICON_NAME = AppIcon;
				INFOPLIST_FILE = "Example App/Info.plist";
				LD_RUNPATH_SEARCH_PATHS = "$(inherited) @executable_path/Frameworks";
				PRODUCT_BUNDLE_IDENTIFIER = "com.lbd.Example-App";
				PRODUCT_NAME = "$(TARGET_NAME)";
			};
			name = Release;
		};
		D6834DB61C8E0903008A8DC1 /* Debug */ = {
			isa = XCBuildConfiguration;
			buildSettings = {
				BUNDLE_LOADER = "$(TEST_HOST)";
				INFOPLIST_FILE = "Example AppTests/Info.plist";
				LD_RUNPATH_SEARCH_PATHS = "$(inherited) @executable_path/Frameworks @loader_path/Frameworks";
				PRODUCT_BUNDLE_IDENTIFIER = "com.lbd.Example-AppTests";
				PRODUCT_NAME = "$(TARGET_NAME)";
				TEST_HOST = "$(BUILT_PRODUCTS_DIR)/Example App.app/Example App";
			};
			name = Debug;
		};
		D6834DB71C8E0903008A8DC1 /* Release */ = {
			isa = XCBuildConfiguration;
			buildSettings = {
				BUNDLE_LOADER = "$(TEST_HOST)";
				INFOPLIST_FILE = "Example AppTests/Info.plist";
				LD_RUNPATH_SEARCH_PATHS = "$(inherited) @executable_path/Frameworks @loader_path/Frameworks";
				PRODUCT_BUNDLE_IDENTIFIER = "com.lbd.Example-AppTests";
				PRODUCT_NAME = "$(TARGET_NAME)";
				TEST_HOST = "$(BUILT_PRODUCTS_DIR)/Example App.app/Example App";
			};
			name = Release;
		};
		D6834DB91C8E0903008A8DC1 /* Debug */ = {
			isa = XCBuildConfiguration;
			buildSettings = {
				INFOPLIST_FILE = "Example AppUITests/Info.plist";
				LD_RUNPATH_SEARCH_PATHS = "$(inherited) @executable_path/Frameworks @loader_path/Frameworks";
				PRODUCT_BUNDLE_IDENTIFIER = "com.lbd.Example-AppUITests";
				PRODUCT_NAME = "$(TARGET_NAME)";
				TEST_TARGET_NAME = "Example App";
				USES_XCTRUNNER = YES;
			};
			name = Debug;
		};
		D6834DBA1C8E0903008A8DC1 /* Release */ = {
			isa = XCBuildConfiguration;
			buildSettings = {
				INFOPLIST_FILE = "Example AppUITests/Info.plist";
				LD_RUNPATH_SEARCH_PATHS = "$(inherited) @executable_path/Frameworks @loader_path/Frameworks";
				PRODUCT_BUNDLE_IDENTIFIER = "com.lbd.Example-AppUITests";
				PRODUCT_NAME = "$(TARGET_NAME)";
				TEST_TARGET_NAME = "Example App";
				USES_XCTRUNNER = YES;
			};
			name = Release;
		};
/* End XCBuildConfiguration section */

/* Begin XCConfigurationList section */
		D6834D851C8E0902008A8DC1 /* Build configuration list for PBXProject "Example App" */ = {
			isa = XCConfigurationList;
			buildConfigurations = (
				D6834DB01C8E0903008A8DC1 /* Debug */,
				D6834DB11C8E0903008A8DC1 /* Release */,
			);
			defaultConfigurationIsVisible = 0;
			defaultConfigurationName = Release;
		};
		D6834DB21C8E0903008A8DC1 /* Build configuration list for PBXNativeTarget "Example App" */ = {
			isa = XCConfigurationList;
			buildConfigurations = (
				D6834DB31C8E0903008A8DC1 /* Debug */,
				D6834DB41C8E0903008A8DC1 /* Release */,
			);
			defaultConfigurationIsVisible = 0;
		};
		D6834DB51C8E0903008A8DC1 /* Build configuration list for PBXNativeTarget "Example AppTests" */ = {
			isa = XCConfigurationList;
			buildConfigurations = (
				D6834DB61C8E0903008A8DC1 /* Debug */,
				D6834DB71C8E0903008A8DC1 /* Release */,
			);
			defaultConfigurationIsVisible = 0;
		};
		D6834DB81C8E0903008A8DC1 /* Build configuration list for PBXNativeTarget "Example AppUITests" */ = {
			isa = XCConfigurationList;
			buildConfigurations = (
				D6834DB91C8E0903008A8DC1 /* Debug */,
				D6834DBA1C8E0903008A8DC1 /* Release */,
			);
			defaultConfigurationIsVisible = 0;
		};
/* End XCConfigurationList section */
	};
	rootObject = D6834D821C8E0902008A8DC1 /* Project object */;
}
